
Microsoft Visual Studio Solution File, Format Version 12.00
# Visual Studio 2012
Project("{f2a71f9b-5d33-465a-a702-920d77279786}") = "CartLoad", "src\CartLoad\CartLoad.fsproj", "{B1C76C38-E9FB-40E8-AB65-36D5366706E8}"
EndProject
Project("{f2a71f9b-5d33-465a-a702-920d77279786}") = "CartLoadLib", "src\CartLoadLib\CartLoadLib.fsproj", "{E7DA1526-6100-44AF-89A2-137DAD89960A}"
EndProject
Project("{f2a71f9b-5d33-465a-a702-920d77279786}") = "Test.CartLoadLib", "test\Test.CartLoadLib\Test.CartLoadLib.fsproj", "{3482C152-A837-4901-9196-143C33F331F3}"
EndProject
Global
	GlobalSection(SolutionConfigurationPlatforms) = preSolution
		Debug|Any CPU = Debug|Any CPU
		Release|Any CPU = Release|Any CPU
	EndGlobalSection
	GlobalSection(ProjectConfigurationPlatforms) = postSolution
		{3482C152-A837-4901-9196-143C33F331F3}.Debug|Any CPU.ActiveCfg = Debug|Any CPU
		{3482C152-A837-4901-9196-143C33F331F3}.Debug|Any CPU.Build.0 = Debug|Any CPU
		{3482C152-A837-4901-9196-143C33F331F3}.Release|Any CPU.ActiveCfg = Release|Any CPU
		{3482C152-A837-4901-9196-143C33F331F3}.Release|Any CPU.Build.0 = Release|Any CPU
		{B1C76C38-E9FB-40E8-AB65-36D5366706E8}.Debug|Any CPU.ActiveCfg = Debug|Any CPU
		{B1C76C38-E9FB-40E8-AB65-36D5366706E8}.Debug|Any CPU.Build.0 = Debug|Any CPU
		{B1C76C38-E9FB-40E8-AB65-36D5366706E8}.Release|Any CPU.ActiveCfg = Release|Any CPU
		{B1C76C38-E9FB-40E8-AB65-36D5366706E8}.Release|Any CPU.Build.0 = Release|Any CPU
		{E7DA1526-6100-44AF-89A2-137DAD89960A}.Debug|Any CPU.ActiveCfg = Debug|Any CPU
		{E7DA1526-6100-44AF-89A2-137DAD89960A}.Debug|Any CPU.Build.0 = Debug|Any CPU
		{E7DA1526-6100-44AF-89A2-137DAD89960A}.Release|Any CPU.ActiveCfg = Release|Any CPU
		{E7DA1526-6100-44AF-89A2-137DAD89960A}.Release|Any CPU.Build.0 = Release|Any CPU
	EndGlobalSection
EndGlobal
